# THIS IS AN AUTOGENERATED FILE. DO NOT EDIT THIS FILE DIRECTLY.
# yarn lockfile v1


"@types/three@^0.147.1":
  version "0.147.1"
  resolved "https://registry.yarnpkg.com/@types/three/-/three-0.147.1.tgz#f81e6dfaeafee1f4b5d825e036decfa801f83097"
  integrity sha512-1dGYrF9E7frAXu3CRUYtTFj97PlA/Q0OedDQBROn3fKjtKXNhXc6/VNgkGod3axJMeNPNFDa6ur9eOcQ+aD0zw==
  dependencies:
    "@types/webxr" "*"

"@types/webxr@*":
  version "0.5.0"
  resolved "https://registry.yarnpkg.com/@types/webxr/-/webxr-0.5.0.tgz#aae1cef3210d88fd4204f8c33385a0bbc4da07c9"
  integrity sha512-IUMDPSXnYIbEO2IereEFcgcqfDREOgmbGqtrMpVPpACTU6pltYLwHgVkrnYv0XhWEcjio9sYEfIEzgn3c7nDqA==
